
Microsoft Visual Studio Solution File, Format Version 12.00
Project("{FAE04EC0-301F-11D3-BF4B-00C04F79EFBC}") = "UXAV.AVnetCore", "UXAV.AVnetCore\UXAV.AVnetCore.csproj", "{9B3BAD80-9F92-4687-915E-C02F3910DCEF}"
EndProject
Global
	GlobalSection(SolutionConfigurationPlatforms) = preSolution
		Debug|Any CPU = Debug|Any CPU
		Release|Any CPU = Release|Any CPU
	EndGlobalSection
	GlobalSection(ProjectConfigurationPlatforms) = postSolution
		{9B3BAD80-9F92-4687-915E-C02F3910DCEF}.Debug|Any CPU.ActiveCfg = Debug|Any CPU
		{9B3BAD80-9F92-4687-915E-C02F3910DCEF}.Debug|Any CPU.Build.0 = Debug|Any CPU
		{9B3BAD80-9F92-4687-915E-C02F3910DCEF}.Release|Any CPU.ActiveCfg = Release|Any CPU
		{9B3BAD80-9F92-4687-915E-C02F3910DCEF}.Release|Any CPU.Build.0 = Release|Any CPU
	EndGlobalSection
EndGlobal
